// !$*UTF8*$!
{
	archiveVersion = 1;
	classes = {
	};
	objectVersion = 56;
	objects = {

/* Begin PBXBuildFile section */
		38F6A8AECFD1958379E98C7C /* Pods_SportsApp.framework in Frameworks */ = {isa = PBXBuildFile; fileRef = 60290DCE43B683A8A44E3E20 /* Pods_SportsApp.framework */; };
		61140B112A1A79B500BCC220 /* Team.swift in Sources */ = {isa = PBXBuildFile; fileRef = 61140B102A1A79B500BCC220 /* Team.swift */; };
		612003952A1EC4E10049307B /* RemoteSourceMock.swift in Sources */ = {isa = PBXBuildFile; fileRef = 612003942A1EC4E10049307B /* RemoteSourceMock.swift */; };
		612AF6CC2A156192003BB291 /* ball.json in Resources */ = {isa = PBXBuildFile; fileRef = 612AF6CB2A156192003BB291 /* ball.json */; };
		615434E82A1CD88C0080C576 /* NetworkTest.swift in Sources */ = {isa = PBXBuildFile; fileRef = 615434E72A1CD88C0080C576 /* NetworkTest.swift */; };
		615434EA2A1CE7010080C576 /* NetworkMock.swift in Sources */ = {isa = PBXBuildFile; fileRef = 615434E92A1CE7010080C576 /* NetworkMock.swift */; };
		615434EC2A1CECB70080C576 /* NetworkMockTest.swift in Sources */ = {isa = PBXBuildFile; fileRef = 615434EB2A1CECB70080C576 /* NetworkMockTest.swift */; };
		616A02A72A194D09005ADB80 /* LocalSourceProtocol.swift in Sources */ = {isa = PBXBuildFile; fileRef = 616A02A62A194D09005ADB80 /* LocalSourceProtocol.swift */; };
		616A02AA2A194E2A005ADB80 /* FavouriteViewModel.swift in Sources */ = {isa = PBXBuildFile; fileRef = 616A02A92A194E2A005ADB80 /* FavouriteViewModel.swift */; };
		616A02AC2A197F28005ADB80 /* TeamDetailsViewController.swift in Sources */ = {isa = PBXBuildFile; fileRef = 616A02AB2A197F28005ADB80 /* TeamDetailsViewController.swift */; };
		616A02B02A19968E005ADB80 /* HeaderCollectionReusableView.swift in Sources */ = {isa = PBXBuildFile; fileRef = 616A02AF2A19968E005ADB80 /* HeaderCollectionReusableView.swift */; };
		616A02B22A1996A9005ADB80 /* TeamsCollectionViewCell.swift in Sources */ = {isa = PBXBuildFile; fileRef = 616A02B12A1996A9005ADB80 /* TeamsCollectionViewCell.swift */; };
		616A02B42A1996B5005ADB80 /* EventCollectionViewCell.swift in Sources */ = {isa = PBXBuildFile; fileRef = 616A02B32A1996B5005ADB80 /* EventCollectionViewCell.swift */; };
		617EF98D2A1D53C300FDAB35 /* LeagueDetailsViewModelTests.swift in Sources */ = {isa = PBXBuildFile; fileRef = 617EF98C2A1D53C300FDAB35 /* LeagueDetailsViewModelTests.swift */; };
		617EF98F2A1D585100FDAB35 /* LeagueDetailsViewModelMock.swift in Sources */ = {isa = PBXBuildFile; fileRef = 617EF98E2A1D585100FDAB35 /* LeagueDetailsViewModelMock.swift */; };
		617EF9912A1D59A200FDAB35 /* LocalSourceMock.swift in Sources */ = {isa = PBXBuildFile; fileRef = 617EF9902A1D59A200FDAB35 /* LocalSourceMock.swift */; };
		617F75BF2A192F4600B48995 /* LeagueLocal.swift in Sources */ = {isa = PBXBuildFile; fileRef = 617F75BE2A192F4600B48995 /* LeagueLocal.swift */; };
		618047212A179C40000584D4 /* NetworkProtocol.swift in Sources */ = {isa = PBXBuildFile; fileRef = 618047202A179C40000584D4 /* NetworkProtocol.swift */; };
		618047232A179C97000584D4 /* Network.swift in Sources */ = {isa = PBXBuildFile; fileRef = 618047222A179C97000584D4 /* Network.swift */; };
		618047252A179FA7000584D4 /* MyResponse.swift in Sources */ = {isa = PBXBuildFile; fileRef = 618047242A179FA7000584D4 /* MyResponse.swift */; };
		618047272A179FDF000584D4 /* League.swift in Sources */ = {isa = PBXBuildFile; fileRef = 618047262A179FDF000584D4 /* League.swift */; };
		618047292A17AE08000584D4 /* SplashViewController.swift in Sources */ = {isa = PBXBuildFile; fileRef = 618047282A17AE08000584D4 /* SplashViewController.swift */; };
		619479F22A154B82000F822D /* AppDelegate.swift in Sources */ = {isa = PBXBuildFile; fileRef = 619479F12A154B82000F822D /* AppDelegate.swift */; };
		619479F42A154B82000F822D /* SceneDelegate.swift in Sources */ = {isa = PBXBuildFile; fileRef = 619479F32A154B82000F822D /* SceneDelegate.swift */; };
		619479F62A154B82000F822D /* HomeViewController.swift in Sources */ = {isa = PBXBuildFile; fileRef = 619479F52A154B82000F822D /* HomeViewController.swift */; };
		619479F92A154B82000F822D /* Main.storyboard in Resources */ = {isa = PBXBuildFile; fileRef = 619479F72A154B82000F822D /* Main.storyboard */; };
		619479FC2A154B82000F822D /* SportsApp.xcdatamodeld in Sources */ = {isa = PBXBuildFile; fileRef = 619479FA2A154B82000F822D /* SportsApp.xcdatamodeld */; };
		61947A012A154B84000F822D /* LaunchScreen.storyboard in Resources */ = {isa = PBXBuildFile; fileRef = 619479FF2A154B84000F822D /* LaunchScreen.storyboard */; };
		619713192A17D5B900E6A982 /* SportCollectionViewCell.swift in Sources */ = {isa = PBXBuildFile; fileRef = 619713182A17D5B900E6A982 /* SportCollectionViewCell.swift */; };
		6197131B2A17DFB400E6A982 /* Sport.swift in Sources */ = {isa = PBXBuildFile; fileRef = 6197131A2A17DFB400E6A982 /* Sport.swift */; };
		6197131E2A17F36500E6A982 /* LeaguesViewController.swift in Sources */ = {isa = PBXBuildFile; fileRef = 6197131D2A17F36500E6A982 /* LeaguesViewController.swift */; };
		619713232A17F39700E6A982 /* LeagueTableViewCell.swift in Sources */ = {isa = PBXBuildFile; fileRef = 619713212A17F39700E6A982 /* LeagueTableViewCell.swift */; };
		619713242A17F39700E6A982 /* LeagueTableViewCell.xib in Resources */ = {isa = PBXBuildFile; fileRef = 619713222A17F39700E6A982 /* LeagueTableViewCell.xib */; };
		619713272A17F3C100E6A982 /* FavouriteViewController.swift in Sources */ = {isa = PBXBuildFile; fileRef = 619713262A17F3C100E6A982 /* FavouriteViewController.swift */; };
		6197132C2A17F5F200E6A982 /* LeagueDetailsViewController.swift in Sources */ = {isa = PBXBuildFile; fileRef = 6197132B2A17F5F200E6A982 /* LeagueDetailsViewController.swift */; };
		6197132E2A18020300E6A982 /* Assets.xcassets in Resources */ = {isa = PBXBuildFile; fileRef = 6197132D2A18020300E6A982 /* Assets.xcassets */; };
		619713302A181A7B00E6A982 /* Event.swift in Sources */ = {isa = PBXBuildFile; fileRef = 6197132F2A181A7B00E6A982 /* Event.swift */; };
		619713332A18234B00E6A982 /* LeaguesViewModel.swift in Sources */ = {isa = PBXBuildFile; fileRef = 619713322A18234B00E6A982 /* LeaguesViewModel.swift */; };
		619713352A183FAA00E6A982 /* LocalSource.swift in Sources */ = {isa = PBXBuildFile; fileRef = 619713342A183FAA00E6A982 /* LocalSource.swift */; };
		61C80CA32A199F2700B94994 /* LeagueDetailsViewModel.swift in Sources */ = {isa = PBXBuildFile; fileRef = 61C80CA22A199F2700B94994 /* LeagueDetailsViewModel.swift */; };
/* End PBXBuildFile section */

/* Begin PBXContainerItemProxy section */
		61140B0B2A1A1FEF00BCC220 /* PBXContainerItemProxy */ = {
			isa = PBXContainerItemProxy;
			containerPortal = 619479E62A154B82000F822D /* Project object */;
			proxyType = 1;
			remoteGlobalIDString = 619479ED2A154B82000F822D;
			remoteInfo = SportsApp;
		};
/* End PBXContainerItemProxy section */

/* Begin PBXFileReference section */
		46A65BD46991DFD9BA104A7A /* Pods-SportsApp.debug.xcconfig */ = {isa = PBXFileReference; includeInIndex = 1; lastKnownFileType = text.xcconfig; name = "Pods-SportsApp.debug.xcconfig"; path = "Target Support Files/Pods-SportsApp/Pods-SportsApp.debug.xcconfig"; sourceTree = "<group>"; };
		60290DCE43B683A8A44E3E20 /* Pods_SportsApp.framework */ = {isa = PBXFileReference; explicitFileType = wrapper.framework; includeInIndex = 0; path = Pods_SportsApp.framework; sourceTree = BUILT_PRODUCTS_DIR; };
		61140B072A1A1FEF00BCC220 /* SportsAppTests.xctest */ = {isa = PBXFileReference; explicitFileType = wrapper.cfbundle; includeInIndex = 0; path = SportsAppTests.xctest; sourceTree = BUILT_PRODUCTS_DIR; };
		61140B102A1A79B500BCC220 /* Team.swift */ = {isa = PBXFileReference; lastKnownFileType = sourcecode.swift; path = Team.swift; sourceTree = "<group>"; };
		612003942A1EC4E10049307B /* RemoteSourceMock.swift */ = {isa = PBXFileReference; lastKnownFileType = sourcecode.swift; path = RemoteSourceMock.swift; sourceTree = "<group>"; };
		612AF6CB2A156192003BB291 /* ball.json */ = {isa = PBXFileReference; fileEncoding = 4; lastKnownFileType = text.json; path = ball.json; sourceTree = "<group>"; };
		615434E72A1CD88C0080C576 /* NetworkTest.swift */ = {isa = PBXFileReference; lastKnownFileType = sourcecode.swift; path = NetworkTest.swift; sourceTree = "<group>"; };
		615434E92A1CE7010080C576 /* NetworkMock.swift */ = {isa = PBXFileReference; lastKnownFileType = sourcecode.swift; path = NetworkMock.swift; sourceTree = "<group>"; };
		615434EB2A1CECB70080C576 /* NetworkMockTest.swift */ = {isa = PBXFileReference; lastKnownFileType = sourcecode.swift; path = NetworkMockTest.swift; sourceTree = "<group>"; };
		616A02A62A194D09005ADB80 /* LocalSourceProtocol.swift */ = {isa = PBXFileReference; lastKnownFileType = sourcecode.swift; path = LocalSourceProtocol.swift; sourceTree = "<group>"; };
		616A02A92A194E2A005ADB80 /* FavouriteViewModel.swift */ = {isa = PBXFileReference; lastKnownFileType = sourcecode.swift; path = FavouriteViewModel.swift; sourceTree = "<group>"; };
		616A02AB2A197F28005ADB80 /* TeamDetailsViewController.swift */ = {isa = PBXFileReference; lastKnownFileType = sourcecode.swift; path = TeamDetailsViewController.swift; sourceTree = "<group>"; };
		616A02AF2A19968E005ADB80 /* HeaderCollectionReusableView.swift */ = {isa = PBXFileReference; lastKnownFileType = sourcecode.swift; path = HeaderCollectionReusableView.swift; sourceTree = "<group>"; };
		616A02B12A1996A9005ADB80 /* TeamsCollectionViewCell.swift */ = {isa = PBXFileReference; lastKnownFileType = sourcecode.swift; path = TeamsCollectionViewCell.swift; sourceTree = "<group>"; };
		616A02B32A1996B5005ADB80 /* EventCollectionViewCell.swift */ = {isa = PBXFileReference; lastKnownFileType = sourcecode.swift; path = EventCollectionViewCell.swift; sourceTree = "<group>"; };
		617EF98C2A1D53C300FDAB35 /* LeagueDetailsViewModelTests.swift */ = {isa = PBXFileReference; lastKnownFileType = sourcecode.swift; path = LeagueDetailsViewModelTests.swift; sourceTree = "<group>"; };
		617EF98E2A1D585100FDAB35 /* LeagueDetailsViewModelMock.swift */ = {isa = PBXFileReference; lastKnownFileType = sourcecode.swift; path = LeagueDetailsViewModelMock.swift; sourceTree = "<group>"; };
		617EF9902A1D59A200FDAB35 /* LocalSourceMock.swift */ = {isa = PBXFileReference; lastKnownFileType = sourcecode.swift; path = LocalSourceMock.swift; sourceTree = "<group>"; };
		617F75BE2A192F4600B48995 /* LeagueLocal.swift */ = {isa = PBXFileReference; lastKnownFileType = sourcecode.swift; path = LeagueLocal.swift; sourceTree = "<group>"; };
		618047202A179C40000584D4 /* NetworkProtocol.swift */ = {isa = PBXFileReference; lastKnownFileType = sourcecode.swift; path = NetworkProtocol.swift; sourceTree = "<group>"; };
		618047222A179C97000584D4 /* Network.swift */ = {isa = PBXFileReference; lastKnownFileType = sourcecode.swift; path = Network.swift; sourceTree = "<group>"; };
		618047242A179FA7000584D4 /* MyResponse.swift */ = {isa = PBXFileReference; lastKnownFileType = sourcecode.swift; path = MyResponse.swift; sourceTree = "<group>"; };
		618047262A179FDF000584D4 /* League.swift */ = {isa = PBXFileReference; lastKnownFileType = sourcecode.swift; path = League.swift; sourceTree = "<group>"; };
		618047282A17AE08000584D4 /* SplashViewController.swift */ = {isa = PBXFileReference; lastKnownFileType = sourcecode.swift; path = SplashViewController.swift; sourceTree = "<group>"; };
		619479EE2A154B82000F822D /* SportsApp.app */ = {isa = PBXFileReference; explicitFileType = wrapper.application; includeInIndex = 0; path = SportsApp.app; sourceTree = BUILT_PRODUCTS_DIR; };
		619479F12A154B82000F822D /* AppDelegate.swift */ = {isa = PBXFileReference; lastKnownFileType = sourcecode.swift; path = AppDelegate.swift; sourceTree = "<group>"; };
		619479F32A154B82000F822D /* SceneDelegate.swift */ = {isa = PBXFileReference; lastKnownFileType = sourcecode.swift; path = SceneDelegate.swift; sourceTree = "<group>"; };
		619479F52A154B82000F822D /* HomeViewController.swift */ = {isa = PBXFileReference; lastKnownFileType = sourcecode.swift; path = HomeViewController.swift; sourceTree = "<group>"; };
		619479F82A154B82000F822D /* Base */ = {isa = PBXFileReference; lastKnownFileType = file.storyboard; name = Base; path = Base.lproj/Main.storyboard; sourceTree = "<group>"; };
		619479FB2A154B82000F822D /* SportsApp.xcdatamodel */ = {isa = PBXFileReference; lastKnownFileType = wrapper.xcdatamodel; path = SportsApp.xcdatamodel; sourceTree = "<group>"; };
		61947A002A154B84000F822D /* Base */ = {isa = PBXFileReference; lastKnownFileType = file.storyboard; name = Base; path = Base.lproj/LaunchScreen.storyboard; sourceTree = "<group>"; };
		61947A022A154B84000F822D /* Info.plist */ = {isa = PBXFileReference; lastKnownFileType = text.plist.xml; path = Info.plist; sourceTree = "<group>"; };
		619713182A17D5B900E6A982 /* SportCollectionViewCell.swift */ = {isa = PBXFileReference; lastKnownFileType = sourcecode.swift; path = SportCollectionViewCell.swift; sourceTree = "<group>"; };
		6197131A2A17DFB400E6A982 /* Sport.swift */ = {isa = PBXFileReference; lastKnownFileType = sourcecode.swift; path = Sport.swift; sourceTree = "<group>"; };
		6197131D2A17F36500E6A982 /* LeaguesViewController.swift */ = {isa = PBXFileReference; lastKnownFileType = sourcecode.swift; path = LeaguesViewController.swift; sourceTree = "<group>"; };
		619713212A17F39700E6A982 /* LeagueTableViewCell.swift */ = {isa = PBXFileReference; lastKnownFileType = sourcecode.swift; path = LeagueTableViewCell.swift; sourceTree = "<group>"; };
		619713222A17F39700E6A982 /* LeagueTableViewCell.xib */ = {isa = PBXFileReference; lastKnownFileType = file.xib; path = LeagueTableViewCell.xib; sourceTree = "<group>"; };
		619713262A17F3C100E6A982 /* FavouriteViewController.swift */ = {isa = PBXFileReference; lastKnownFileType = sourcecode.swift; path = FavouriteViewController.swift; sourceTree = "<group>"; };
		6197132B2A17F5F200E6A982 /* LeagueDetailsViewController.swift */ = {isa = PBXFileReference; lastKnownFileType = sourcecode.swift; path = LeagueDetailsViewController.swift; sourceTree = "<group>"; };
		6197132D2A18020300E6A982 /* Assets.xcassets */ = {isa = PBXFileReference; lastKnownFileType = folder.assetcatalog; path = Assets.xcassets; sourceTree = "<group>"; };
		6197132F2A181A7B00E6A982 /* Event.swift */ = {isa = PBXFileReference; lastKnownFileType = sourcecode.swift; path = Event.swift; sourceTree = "<group>"; };
		619713322A18234B00E6A982 /* LeaguesViewModel.swift */ = {isa = PBXFileReference; lastKnownFileType = sourcecode.swift; path = LeaguesViewModel.swift; sourceTree = "<group>"; };
		619713342A183FAA00E6A982 /* LocalSource.swift */ = {isa = PBXFileReference; lastKnownFileType = sourcecode.swift; path = LocalSource.swift; sourceTree = "<group>"; };
		61C80CA22A199F2700B94994 /* LeagueDetailsViewModel.swift */ = {isa = PBXFileReference; lastKnownFileType = sourcecode.swift; path = LeagueDetailsViewModel.swift; sourceTree = "<group>"; };
		AF85D1A5B60F6B840B90D519 /* Pods-SportsApp.release.xcconfig */ = {isa = PBXFileReference; includeInIndex = 1; lastKnownFileType = text.xcconfig; name = "Pods-SportsApp.release.xcconfig"; path = "Target Support Files/Pods-SportsApp/Pods-SportsApp.release.xcconfig"; sourceTree = "<group>"; };
/* End PBXFileReference section */

/* Begin PBXFrameworksBuildPhase section */
		61140B042A1A1FEF00BCC220 /* Frameworks */ = {
			isa = PBXFrameworksBuildPhase;
			buildActionMask = 2147483647;
			files = (
			);
			runOnlyForDeploymentPostprocessing = 0;
		};
		619479EB2A154B82000F822D /* Frameworks */ = {
			isa = PBXFrameworksBuildPhase;
			buildActionMask = 2147483647;
			files = (
				38F6A8AECFD1958379E98C7C /* Pods_SportsApp.framework in Frameworks */,
			);
			runOnlyForDeploymentPostprocessing = 0;
		};
/* End PBXFrameworksBuildPhase section */

/* Begin PBXGroup section */
		6104CC152A17B74E00438674 /* Service */ = {
			isa = PBXGroup;
			children = (
				6104CC1E2A17B74E00438674 /* RemoteSource */,
				6104CC1D2A17B74E00438674 /* LocalSource */,
			);
			path = Service;
			sourceTree = "<group>";
		};
		6104CC162A17B74E00438674 /* Home */ = {
			isa = PBXGroup;
			children = (
				6104CC1B2A17B74E00438674 /* View */,
			);
			path = Home;
			sourceTree = "<group>";
		};
		6104CC172A17B74E00438674 /* Splash */ = {
			isa = PBXGroup;
			children = (
				618047282A17AE08000584D4 /* SplashViewController.swift */,
			);
			path = Splash;
			sourceTree = "<group>";
		};
		6104CC182A17B74E00438674 /* TeamDetails */ = {
			isa = PBXGroup;
			children = (
				6104CC1C2A17B74E00438674 /* View */,
			);
			path = TeamDetails;
			sourceTree = "<group>";
		};
		6104CC1B2A17B74E00438674 /* View */ = {
			isa = PBXGroup;
			children = (
				619479F52A154B82000F822D /* HomeViewController.swift */,
				619713182A17D5B900E6A982 /* SportCollectionViewCell.swift */,
			);
			path = View;
			sourceTree = "<group>";
		};
		6104CC1C2A17B74E00438674 /* View */ = {
			isa = PBXGroup;
			children = (
				616A02AB2A197F28005ADB80 /* TeamDetailsViewController.swift */,
			);
			path = View;
			sourceTree = "<group>";
		};
		6104CC1D2A17B74E00438674 /* LocalSource */ = {
			isa = PBXGroup;
			children = (
				619713342A183FAA00E6A982 /* LocalSource.swift */,
				616A02A62A194D09005ADB80 /* LocalSourceProtocol.swift */,
			);
			path = LocalSource;
			sourceTree = "<group>";
		};
		6104CC1E2A17B74E00438674 /* RemoteSource */ = {
			isa = PBXGroup;
			children = (
				618047202A179C40000584D4 /* NetworkProtocol.swift */,
				618047222A179C97000584D4 /* Network.swift */,
			);
			path = RemoteSource;
			sourceTree = "<group>";
		};
		6104CC1F2A17B74E00438674 /* Favourites */ = {
			isa = PBXGroup;
			children = (
				6104CC212A17B74E00438674 /* ViewModel */,
				6104CC202A17B74E00438674 /* View */,
			);
			path = Favourites;
			sourceTree = "<group>";
		};
		6104CC202A17B74E00438674 /* View */ = {
			isa = PBXGroup;
			children = (
				619713262A17F3C100E6A982 /* FavouriteViewController.swift */,
			);
			path = View;
			sourceTree = "<group>";
		};
		6104CC212A17B74E00438674 /* ViewModel */ = {
			isa = PBXGroup;
			children = (
				616A02A92A194E2A005ADB80 /* FavouriteViewModel.swift */,
			);
			path = ViewModel;
			sourceTree = "<group>";
		};
		61140B082A1A1FEF00BCC220 /* SportsAppTests */ = {
			isa = PBXGroup;
			children = (
				61C164AB2A1E9E8600F0FAB2 /* LeaguesDetailsViewControllerTests */,
				61C164A92A1E9DCE00F0FAB2 /* NetworkTests */,
				61C164A82A1E9DAE00F0FAB2 /* LeaguesDetailsViewModelTests */,
				61C164A72A1E9D9B00F0FAB2 /* NetworkMockTests */,
			);
			path = SportsAppTests;
			sourceTree = "<group>";
		};
		612AF6C72A155BC9003BB291 /* Module */ = {
			isa = PBXGroup;
			children = (
				619713282A17F5B000E6A982 /* LeagueDetails */,
				6197131C2A17F34200E6A982 /* Leagues */,
				6104CC1F2A17B74E00438674 /* Favourites */,
				6104CC182A17B74E00438674 /* TeamDetails */,
				6104CC172A17B74E00438674 /* Splash */,
				6104CC162A17B74E00438674 /* Home */,
			);
			path = Module;
			sourceTree = "<group>";
		};
		612AF6C82A155BD1003BB291 /* Model */ = {
			isa = PBXGroup;
			children = (
				618047242A179FA7000584D4 /* MyResponse.swift */,
				618047262A179FDF000584D4 /* League.swift */,
				6197131A2A17DFB400E6A982 /* Sport.swift */,
				6197132F2A181A7B00E6A982 /* Event.swift */,
				617F75BE2A192F4600B48995 /* LeagueLocal.swift */,
				61140B102A1A79B500BCC220 /* Team.swift */,
			);
			path = Model;
			sourceTree = "<group>";
		};
		6180472A2A17B3D4000584D4 /* View */ = {
			isa = PBXGroup;
			children = (
				612AF6CB2A156192003BB291 /* ball.json */,
				619479FF2A154B84000F822D /* LaunchScreen.storyboard */,
				619479F72A154B82000F822D /* Main.storyboard */,
				619713212A17F39700E6A982 /* LeagueTableViewCell.swift */,
				619713222A17F39700E6A982 /* LeagueTableViewCell.xib */,
			);
			path = View;
			sourceTree = "<group>";
		};
		619479E52A154B82000F822D = {
			isa = PBXGroup;
			children = (
				619479F02A154B82000F822D /* SportsApp */,
				61140B082A1A1FEF00BCC220 /* SportsAppTests */,
				619479EF2A154B82000F822D /* Products */,
				E5A4E01018608870134DB87C /* Pods */,
				BB4ADD2EBF58F7C505E405A1 /* Frameworks */,
			);
			sourceTree = "<group>";
		};
		619479EF2A154B82000F822D /* Products */ = {
			isa = PBXGroup;
			children = (
				619479EE2A154B82000F822D /* SportsApp.app */,
				61140B072A1A1FEF00BCC220 /* SportsAppTests.xctest */,
			);
			name = Products;
			sourceTree = "<group>";
		};
		619479F02A154B82000F822D /* SportsApp */ = {
			isa = PBXGroup;
			children = (
				6180472A2A17B3D4000584D4 /* View */,
				6104CC152A17B74E00438674 /* Service */,
				612AF6C82A155BD1003BB291 /* Model */,
				612AF6C72A155BC9003BB291 /* Module */,
				619479F12A154B82000F822D /* AppDelegate.swift */,
				619479F32A154B82000F822D /* SceneDelegate.swift */,
				61947A022A154B84000F822D /* Info.plist */,
				619479FA2A154B82000F822D /* SportsApp.xcdatamodeld */,
				6197132D2A18020300E6A982 /* Assets.xcassets */,
			);
			path = SportsApp;
			sourceTree = "<group>";
		};
		6197131C2A17F34200E6A982 /* Leagues */ = {
			isa = PBXGroup;
			children = (
				619713312A18233600E6A982 /* ViewModel */,
				619713252A17F3A800E6A982 /* View */,
			);
			path = Leagues;
			sourceTree = "<group>";
		};
		619713252A17F3A800E6A982 /* View */ = {
			isa = PBXGroup;
			children = (
				6197131D2A17F36500E6A982 /* LeaguesViewController.swift */,
			);
			path = View;
			sourceTree = "<group>";
		};
		619713282A17F5B000E6A982 /* LeagueDetails */ = {
			isa = PBXGroup;
			children = (
				6197132A2A17F5D300E6A982 /* ViewModel */,
				619713292A17F5CD00E6A982 /* View */,
			);
			path = LeagueDetails;
			sourceTree = "<group>";
		};
		619713292A17F5CD00E6A982 /* View */ = {
			isa = PBXGroup;
			children = (
				6197132B2A17F5F200E6A982 /* LeagueDetailsViewController.swift */,
				616A02AF2A19968E005ADB80 /* HeaderCollectionReusableView.swift */,
				616A02B12A1996A9005ADB80 /* TeamsCollectionViewCell.swift */,
				616A02B32A1996B5005ADB80 /* EventCollectionViewCell.swift */,
			);
			path = View;
			sourceTree = "<group>";
		};
		6197132A2A17F5D300E6A982 /* ViewModel */ = {
			isa = PBXGroup;
			children = (
				61C80CA22A199F2700B94994 /* LeagueDetailsViewModel.swift */,
			);
			path = ViewModel;
			sourceTree = "<group>";
		};
		619713312A18233600E6A982 /* ViewModel */ = {
			isa = PBXGroup;
			children = (
				619713322A18234B00E6A982 /* LeaguesViewModel.swift */,
			);
			path = ViewModel;
			sourceTree = "<group>";
		};
		61C164A72A1E9D9B00F0FAB2 /* NetworkMockTests */ = {
			isa = PBXGroup;
			children = (
				615434E92A1CE7010080C576 /* NetworkMock.swift */,
				615434EB2A1CECB70080C576 /* NetworkMockTest.swift */,
			);
			path = NetworkMockTests;
			sourceTree = "<group>";
		};
		61C164A82A1E9DAE00F0FAB2 /* LeaguesDetailsViewModelTests */ = {
			isa = PBXGroup;
			children = (
				61C164AA2A1E9DDB00F0FAB2 /* ServicesMock */,
				617EF98C2A1D53C300FDAB35 /* LeagueDetailsViewModelTests.swift */,
			);
			path = LeaguesDetailsViewModelTests;
			sourceTree = "<group>";
		};
		61C164A92A1E9DCE00F0FAB2 /* NetworkTests */ = {
			isa = PBXGroup;
			children = (
				615434E72A1CD88C0080C576 /* NetworkTest.swift */,
			);
			path = NetworkTests;
			sourceTree = "<group>";
		};
		61C164AA2A1E9DDB00F0FAB2 /* ServicesMock */ = {
			isa = PBXGroup;
			children = (
				617EF9902A1D59A200FDAB35 /* LocalSourceMock.swift */,
				612003942A1EC4E10049307B /* RemoteSourceMock.swift */,
			);
			path = ServicesMock;
			sourceTree = "<group>";
		};
		61C164AB2A1E9E8600F0FAB2 /* LeaguesDetailsViewControllerTests */ = {
			isa = PBXGroup;
			children = (
				617EF98E2A1D585100FDAB35 /* LeagueDetailsViewModelMock.swift */,
			);
			path = LeaguesDetailsViewControllerTests;
			sourceTree = "<group>";
		};
		BB4ADD2EBF58F7C505E405A1 /* Frameworks */ = {
			isa = PBXGroup;
			children = (
				60290DCE43B683A8A44E3E20 /* Pods_SportsApp.framework */,
			);
			name = Frameworks;
			sourceTree = "<group>";
		};
		E5A4E01018608870134DB87C /* Pods */ = {
			isa = PBXGroup;
			children = (
				46A65BD46991DFD9BA104A7A /* Pods-SportsApp.debug.xcconfig */,
				AF85D1A5B60F6B840B90D519 /* Pods-SportsApp.release.xcconfig */,
			);
			path = Pods;
			sourceTree = "<group>";
		};
/* End PBXGroup section */

/* Begin PBXNativeTarget section */
		61140B062A1A1FEF00BCC220 /* SportsAppTests */ = {
			isa = PBXNativeTarget;
			buildConfigurationList = 61140B0F2A1A1FEF00BCC220 /* Build configuration list for PBXNativeTarget "SportsAppTests" */;
			buildPhases = (
				61140B032A1A1FEF00BCC220 /* Sources */,
				61140B042A1A1FEF00BCC220 /* Frameworks */,
				61140B052A1A1FEF00BCC220 /* Resources */,
			);
			buildRules = (
			);
			dependencies = (
				61140B0C2A1A1FEF00BCC220 /* PBXTargetDependency */,
			);
			name = SportsAppTests;
			productName = SportsAppTests;
			productReference = 61140B072A1A1FEF00BCC220 /* SportsAppTests.xctest */;
			productType = "com.apple.product-type.bundle.unit-test";
		};
		619479ED2A154B82000F822D /* SportsApp */ = {
			isa = PBXNativeTarget;
			buildConfigurationList = 61947A052A154B84000F822D /* Build configuration list for PBXNativeTarget "SportsApp" */;
			buildPhases = (
				608DED41A3443262B0C56F8E /* [CP] Check Pods Manifest.lock */,
				619479EA2A154B82000F822D /* Sources */,
				619479EB2A154B82000F822D /* Frameworks */,
				619479EC2A154B82000F822D /* Resources */,
				E12995B16BC5AD061121784D /* [CP] Embed Pods Frameworks */,
			);
			buildRules = (
			);
			dependencies = (
			);
			name = SportsApp;
			productName = SportsApp;
			productReference = 619479EE2A154B82000F822D /* SportsApp.app */;
			productType = "com.apple.product-type.application";
		};
/* End PBXNativeTarget section */

/* Begin PBXProject section */
		619479E62A154B82000F822D /* Project object */ = {
			isa = PBXProject;
			attributes = {
				BuildIndependentTargetsInParallel = 1;
				LastSwiftUpdateCheck = 1410;
				LastUpgradeCheck = 1410;
				TargetAttributes = {
					61140B062A1A1FEF00BCC220 = {
						CreatedOnToolsVersion = 14.1;
						TestTargetID = 619479ED2A154B82000F822D;
					};
					619479ED2A154B82000F822D = {
						CreatedOnToolsVersion = 14.1;
					};
				};
			};
			buildConfigurationList = 619479E92A154B82000F822D /* Build configuration list for PBXProject "SportsApp" */;
			compatibilityVersion = "Xcode 14.0";
			developmentRegion = en;
			hasScannedForEncodings = 0;
			knownRegions = (
				en,
				Base,
			);
			mainGroup = 619479E52A154B82000F822D;
			productRefGroup = 619479EF2A154B82000F822D /* Products */;
			projectDirPath = "";
			projectRoot = "";
			targets = (
				619479ED2A154B82000F822D /* SportsApp */,
				61140B062A1A1FEF00BCC220 /* SportsAppTests */,
			);
		};
/* End PBXProject section */

/* Begin PBXResourcesBuildPhase section */
		61140B052A1A1FEF00BCC220 /* Resources */ = {
			isa = PBXResourcesBuildPhase;
			buildActionMask = 2147483647;
			files = (
			);
			runOnlyForDeploymentPostprocessing = 0;
		};
		619479EC2A154B82000F822D /* Resources */ = {
			isa = PBXResourcesBuildPhase;
			buildActionMask = 2147483647;
			files = (
				612AF6CC2A156192003BB291 /* ball.json in Resources */,
				61947A012A154B84000F822D /* LaunchScreen.storyboard in Resources */,
				619713242A17F39700E6A982 /* LeagueTableViewCell.xib in Resources */,
				619479F92A154B82000F822D /* Main.storyboard in Resources */,
				6197132E2A18020300E6A982 /* Assets.xcassets in Resources */,
			);
			runOnlyForDeploymentPostprocessing = 0;
		};
/* End PBXResourcesBuildPhase section */

/* Begin PBXShellScriptBuildPhase section */
		608DED41A3443262B0C56F8E /* [CP] Check Pods Manifest.lock */ = {
			isa = PBXShellScriptBuildPhase;
			buildActionMask = 2147483647;
			files = (
			);
			inputFileListPaths = (
			);
			inputPaths = (
				"${PODS_PODFILE_DIR_PATH}/Podfile.lock",
				"${PODS_ROOT}/Manifest.lock",
			);
			name = "[CP] Check Pods Manifest.lock";
			outputFileListPaths = (
			);
			outputPaths = (
				"$(DERIVED_FILE_DIR)/Pods-SportsApp-checkManifestLockResult.txt",
			);
			runOnlyForDeploymentPostprocessing = 0;
			shellPath = /bin/sh;
			shellScript = "diff \"${PODS_PODFILE_DIR_PATH}/Podfile.lock\" \"${PODS_ROOT}/Manifest.lock\" > /dev/null\nif [ $? != 0 ] ; then\n    # print error to STDERR\n    echo \"error: The sandbox is not in sync with the Podfile.lock. Run 'pod install' or update your CocoaPods installation.\" >&2\n    exit 1\nfi\n# This output is used by Xcode 'outputs' to avoid re-running this script phase.\necho \"SUCCESS\" > \"${SCRIPT_OUTPUT_FILE_0}\"\n";
			showEnvVarsInLog = 0;
		};
		E12995B16BC5AD061121784D /* [CP] Embed Pods Frameworks */ = {
			isa = PBXShellScriptBuildPhase;
			buildActionMask = 2147483647;
			files = (
			);
			inputFileListPaths = (
				"${PODS_ROOT}/Target Support Files/Pods-SportsApp/Pods-SportsApp-frameworks-${CONFIGURATION}-input-files.xcfilelist",
			);
			name = "[CP] Embed Pods Frameworks";
			outputFileListPaths = (
				"${PODS_ROOT}/Target Support Files/Pods-SportsApp/Pods-SportsApp-frameworks-${CONFIGURATION}-output-files.xcfilelist",
			);
			runOnlyForDeploymentPostprocessing = 0;
			shellPath = /bin/sh;
			shellScript = "\"${PODS_ROOT}/Target Support Files/Pods-SportsApp/Pods-SportsApp-frameworks.sh\"\n";
			showEnvVarsInLog = 0;
		};
/* End PBXShellScriptBuildPhase section */

/* Begin PBXSourcesBuildPhase section */
		61140B032A1A1FEF00BCC220 /* Sources */ = {
			isa = PBXSourcesBuildPhase;
			buildActionMask = 2147483647;
			files = (
				615434EC2A1CECB70080C576 /* NetworkMockTest.swift in Sources */,
				615434E82A1CD88C0080C576 /* NetworkTest.swift in Sources */,
				617EF98F2A1D585100FDAB35 /* LeagueDetailsViewModelMock.swift in Sources */,
				617EF98D2A1D53C300FDAB35 /* LeagueDetailsViewModelTests.swift in Sources */,
				612003952A1EC4E10049307B /* RemoteSourceMock.swift in Sources */,
				615434EA2A1CE7010080C576 /* NetworkMock.swift in Sources */,
				617EF9912A1D59A200FDAB35 /* LocalSourceMock.swift in Sources */,
			);
			runOnlyForDeploymentPostprocessing = 0;
		};
		619479EA2A154B82000F822D /* Sources */ = {
			isa = PBXSourcesBuildPhase;
			buildActionMask = 2147483647;
			files = (
				618047252A179FA7000584D4 /* MyResponse.swift in Sources */,
				6197131B2A17DFB400E6A982 /* Sport.swift in Sources */,
				616A02A72A194D09005ADB80 /* LocalSourceProtocol.swift in Sources */,
				619713332A18234B00E6A982 /* LeaguesViewModel.swift in Sources */,
				616A02B22A1996A9005ADB80 /* TeamsCollectionViewCell.swift in Sources */,
				618047272A179FDF000584D4 /* League.swift in Sources */,
				619479F62A154B82000F822D /* HomeViewController.swift in Sources */,
				6197132C2A17F5F200E6A982 /* LeagueDetailsViewController.swift in Sources */,
				619713272A17F3C100E6A982 /* FavouriteViewController.swift in Sources */,
				616A02B42A1996B5005ADB80 /* EventCollectionViewCell.swift in Sources */,
				616A02AA2A194E2A005ADB80 /* FavouriteViewModel.swift in Sources */,
				619713232A17F39700E6A982 /* LeagueTableViewCell.swift in Sources */,
				619713192A17D5B900E6A982 /* SportCollectionViewCell.swift in Sources */,
				617F75BF2A192F4600B48995 /* LeagueLocal.swift in Sources */,
				619713302A181A7B00E6A982 /* Event.swift in Sources */,
				61140B112A1A79B500BCC220 /* Team.swift in Sources */,
				619479F22A154B82000F822D /* AppDelegate.swift in Sources */,
				618047212A179C40000584D4 /* NetworkProtocol.swift in Sources */,
				616A02B02A19968E005ADB80 /* HeaderCollectionReusableView.swift in Sources */,
				619479FC2A154B82000F822D /* SportsApp.xcdatamodeld in Sources */,
				61C80CA32A199F2700B94994 /* LeagueDetailsViewModel.swift in Sources */,
				619479F42A154B82000F822D /* SceneDelegate.swift in Sources */,
				618047232A179C97000584D4 /* Network.swift in Sources */,
				616A02AC2A197F28005ADB80 /* TeamDetailsViewController.swift in Sources */,
				618047292A17AE08000584D4 /* SplashViewController.swift in Sources */,
				619713352A183FAA00E6A982 /* LocalSource.swift in Sources */,
				6197131E2A17F36500E6A982 /* LeaguesViewController.swift in Sources */,
			);
			runOnlyForDeploymentPostprocessing = 0;
		};
/* End PBXSourcesBuildPhase section */

/* Begin PBXTargetDependency section */
		61140B0C2A1A1FEF00BCC220 /* PBXTargetDependency */ = {
			isa = PBXTargetDependency;
			target = 619479ED2A154B82000F822D /* SportsApp */;
			targetProxy = 61140B0B2A1A1FEF00BCC220 /* PBXContainerItemProxy */;
		};
/* End PBXTargetDependency section */

/* Begin PBXVariantGroup section */
		619479F72A154B82000F822D /* Main.storyboard */ = {
			isa = PBXVariantGroup;
			children = (
				619479F82A154B82000F822D /* Base */,
			);
			name = Main.storyboard;
			sourceTree = "<group>";
		};
		619479FF2A154B84000F822D /* LaunchScreen.storyboard */ = {
			isa = PBXVariantGroup;
			children = (
				61947A002A154B84000F822D /* Base */,
			);
			name = LaunchScreen.storyboard;
			sourceTree = "<group>";
		};
/* End PBXVariantGroup section */

/* Begin XCBuildConfiguration section */
		61140B0D2A1A1FEF00BCC220 /* Debug */ = {
			isa = XCBuildConfiguration;
			buildSettings = {
				BUNDLE_LOADER = "$(TEST_HOST)";
				CODE_SIGN_STYLE = Automatic;
				CURRENT_PROJECT_VERSION = 1;
				GENERATE_INFOPLIST_FILE = YES;
				IPHONEOS_DEPLOYMENT_TARGET = 16.1;
				MACOSX_DEPLOYMENT_TARGET = 13.0;
				MARKETING_VERSION = 1.0;
				PRODUCT_BUNDLE_IDENTIFIER = workshop.SportsAppTests;
				PRODUCT_NAME = "$(TARGET_NAME)";
				SDKROOT = auto;
				SUPPORTED_PLATFORMS = "iphoneos iphonesimulator macosx";
				SWIFT_EMIT_LOC_STRINGS = NO;
				SWIFT_VERSION = 5.0;
				TARGETED_DEVICE_FAMILY = "1,2";
				TEST_HOST = "$(BUILT_PRODUCTS_DIR)/SportsApp.app/$(BUNDLE_EXECUTABLE_FOLDER_PATH)/SportsApp";
			};
			name = Debug;
		};
		61140B0E2A1A1FEF00BCC220 /* Release */ = {
			isa = XCBuildConfiguration;
			buildSettings = {
				BUNDLE_LOADER = "$(TEST_HOST)";
				CODE_SIGN_STYLE = Automatic;
				CURRENT_PROJECT_VERSION = 1;
				GENERATE_INFOPLIST_FILE = YES;
				IPHONEOS_DEPLOYMENT_TARGET = 16.1;
				MACOSX_DEPLOYMENT_TARGET = 13.0;
				MARKETING_VERSION = 1.0;
				PRODUCT_BUNDLE_IDENTIFIER = workshop.SportsAppTests;
				PRODUCT_NAME = "$(TARGET_NAME)";
				SDKROOT = auto;
				SUPPORTED_PLATFORMS = "iphoneos iphonesimulator macosx";
				SWIFT_EMIT_LOC_STRINGS = NO;
				SWIFT_VERSION = 5.0;
				TARGETED_DEVICE_FAMILY = "1,2";
				TEST_HOST = "$(BUILT_PRODUCTS_DIR)/SportsApp.app/$(BUNDLE_EXECUTABLE_FOLDER_PATH)/SportsApp";
			};
			name = Release;
		};
		61947A032A154B84000F822D /* Debug */ = {
			isa = XCBuildConfiguration;
			buildSettings = {
				ALWAYS_SEARCH_USER_PATHS = NO;
				CLANG_ANALYZER_NONNULL = YES;
				CLANG_ANALYZER_NUMBER_OBJECT_CONVERSION = YES_AGGRESSIVE;
				CLANG_CXX_LANGUAGE_STANDARD = "gnu++20";
				CLANG_ENABLE_MODULES = YES;
				CLANG_ENABLE_OBJC_ARC = YES;
				CLANG_ENABLE_OBJC_WEAK = YES;
				CLANG_WARN_BLOCK_CAPTURE_AUTORELEASING = YES;
				CLANG_WARN_BOOL_CONVERSION = YES;
				CLANG_WARN_COMMA = YES;
				CLANG_WARN_CONSTANT_CONVERSION = YES;
				CLANG_WARN_DEPRECATED_OBJC_IMPLEMENTATIONS = YES;
				CLANG_WARN_DIRECT_OBJC_ISA_USAGE = YES_ERROR;
				CLANG_WARN_DOCUMENTATION_COMMENTS = YES;
				CLANG_WARN_EMPTY_BODY = YES;
				CLANG_WARN_ENUM_CONVERSION = YES;
				CLANG_WARN_INFINITE_RECURSION = YES;
				CLANG_WARN_INT_CONVERSION = YES;
				CLANG_WARN_NON_LITERAL_NULL_CONVERSION = YES;
				CLANG_WARN_OBJC_IMPLICIT_RETAIN_SELF = YES;
				CLANG_WARN_OBJC_LITERAL_CONVERSION = YES;
				CLANG_WARN_OBJC_ROOT_CLASS = YES_ERROR;
				CLANG_WARN_QUOTED_INCLUDE_IN_FRAMEWORK_HEADER = YES;
				CLANG_WARN_RANGE_LOOP_ANALYSIS = YES;
				CLANG_WARN_STRICT_PROTOTYPES = YES;
				CLANG_WARN_SUSPICIOUS_MOVE = YES;
				CLANG_WARN_UNGUARDED_AVAILABILITY = YES_AGGRESSIVE;
				CLANG_WARN_UNREACHABLE_CODE = YES;
				CLANG_WARN__DUPLICATE_METHOD_MATCH = YES;
				COPY_PHASE_STRIP = NO;
				DEBUG_INFORMATION_FORMAT = dwarf;
				ENABLE_STRICT_OBJC_MSGSEND = YES;
				ENABLE_TESTABILITY = YES;
				GCC_C_LANGUAGE_STANDARD = gnu11;
				GCC_DYNAMIC_NO_PIC = NO;
				GCC_NO_COMMON_BLOCKS = YES;
				GCC_OPTIMIZATION_LEVEL = 0;
				GCC_PREPROCESSOR_DEFINITIONS = (
					"DEBUG=1",
					"$(inherited)",
				);
				GCC_WARN_64_TO_32_BIT_CONVERSION = YES;
				GCC_WARN_ABOUT_RETURN_TYPE = YES_ERROR;
				GCC_WARN_UNDECLARED_SELECTOR = YES;
				GCC_WARN_UNINITIALIZED_AUTOS = YES_AGGRESSIVE;
				GCC_WARN_UNUSED_FUNCTION = YES;
				GCC_WARN_UNUSED_VARIABLE = YES;
				IPHONEOS_DEPLOYMENT_TARGET = 16.1;
				MTL_ENABLE_DEBUG_INFO = INCLUDE_SOURCE;
				MTL_FAST_MATH = YES;
				ONLY_ACTIVE_ARCH = YES;
				SDKROOT = iphoneos;
				SWIFT_ACTIVE_COMPILATION_CONDITIONS = DEBUG;
				SWIFT_OPTIMIZATION_LEVEL = "-Onone";
			};
			name = Debug;
		};
		61947A042A154B84000F822D /* Release */ = {
			isa = XCBuildConfiguration;
			buildSettings = {
				ALWAYS_SEARCH_USER_PATHS = NO;
				CLANG_ANALYZER_NONNULL = YES;
				CLANG_ANALYZER_NUMBER_OBJECT_CONVERSION = YES_AGGRESSIVE;
				CLANG_CXX_LANGUAGE_STANDARD = "gnu++20";
				CLANG_ENABLE_MODULES = YES;
				CLANG_ENABLE_OBJC_ARC = YES;
				CLANG_ENABLE_OBJC_WEAK = YES;
				CLANG_WARN_BLOCK_CAPTURE_AUTORELEASING = YES;
				CLANG_WARN_BOOL_CONVERSION = YES;
				CLANG_WARN_COMMA = YES;
				CLANG_WARN_CONSTANT_CONVERSION = YES;
				CLANG_WARN_DEPRECATED_OBJC_IMPLEMENTATIONS = YES;
				CLANG_WARN_DIRECT_OBJC_ISA_USAGE = YES_ERROR;
				CLANG_WARN_DOCUMENTATION_COMMENTS = YES;
				CLANG_WARN_EMPTY_BODY = YES;
				CLANG_WARN_ENUM_CONVERSION = YES;
				CLANG_WARN_INFINITE_RECURSION = YES;
				CLANG_WARN_INT_CONVERSION = YES;
				CLANG_WARN_NON_LITERAL_NULL_CONVERSION = YES;
				CLANG_WARN_OBJC_IMPLICIT_RETAIN_SELF = YES;
				CLANG_WARN_OBJC_LITERAL_CONVERSION = YES;
				CLANG_WARN_OBJC_ROOT_CLASS = YES_ERROR;
				CLANG_WARN_QUOTED_INCLUDE_IN_FRAMEWORK_HEADER = YES;
				CLANG_WARN_RANGE_LOOP_ANALYSIS = YES;
				CLANG_WARN_STRICT_PROTOTYPES = YES;
				CLANG_WARN_SUSPICIOUS_MOVE = YES;
				CLANG_WARN_UNGUARDED_AVAILABILITY = YES_AGGRESSIVE;
				CLANG_WARN_UNREACHABLE_CODE = YES;
				CLANG_WARN__DUPLICATE_METHOD_MATCH = YES;
				COPY_PHASE_STRIP = NO;
				DEBUG_INFORMATION_FORMAT = "dwarf-with-dsym";
				ENABLE_NS_ASSERTIONS = NO;
				ENABLE_STRICT_OBJC_MSGSEND = YES;
				GCC_C_LANGUAGE_STANDARD = gnu11;
				GCC_NO_COMMON_BLOCKS = YES;
				GCC_WARN_64_TO_32_BIT_CONVERSION = YES;
				GCC_WARN_ABOUT_RETURN_TYPE = YES_ERROR;
				GCC_WARN_UNDECLARED_SELECTOR = YES;
				GCC_WARN_UNINITIALIZED_AUTOS = YES_AGGRESSIVE;
				GCC_WARN_UNUSED_FUNCTION = YES;
				GCC_WARN_UNUSED_VARIABLE = YES;
				IPHONEOS_DEPLOYMENT_TARGET = 16.1;
				MTL_ENABLE_DEBUG_INFO = NO;
				MTL_FAST_MATH = YES;
				SDKROOT = iphoneos;
				SWIFT_COMPILATION_MODE = wholemodule;
				SWIFT_OPTIMIZATION_LEVEL = "-O";
				VALIDATE_PRODUCT = YES;
			};
			name = Release;
		};
		61947A062A154B84000F822D /* Debug */ = {
			isa = XCBuildConfiguration;
			baseConfigurationReference = 46A65BD46991DFD9BA104A7A /* Pods-SportsApp.debug.xcconfig */;
			buildSettings = {
				ASSETCATALOG_COMPILER_APPICON_NAME = AppIcon;
				ASSETCATALOG_COMPILER_GLOBAL_ACCENT_COLOR_NAME = AccentColor;
				CODE_SIGN_STYLE = Automatic;
				CURRENT_PROJECT_VERSION = 1;
				GENERATE_INFOPLIST_FILE = YES;
				INFOPLIST_FILE = SportsApp/Info.plist;
				INFOPLIST_KEY_UIApplicationSupportsIndirectInputEvents = YES;
				INFOPLIST_KEY_UILaunchStoryboardName = LaunchScreen;
				INFOPLIST_KEY_UIMainStoryboardFile = Main;
				INFOPLIST_KEY_UISupportedInterfaceOrientations_iPad = "UIInterfaceOrientationPortrait UIInterfaceOrientationPortraitUpsideDown UIInterfaceOrientationLandscapeLeft UIInterfaceOrientationLandscapeRight";
				INFOPLIST_KEY_UISupportedInterfaceOrientations_iPhone = "UIInterfaceOrientationPortrait UIInterfaceOrientationLandscapeLeft UIInterfaceOrientationLandscapeRight";
				LD_RUNPATH_SEARCH_PATHS = (
					"$(inherited)",
					"@executable_path/Frameworks",
				);
				MARKETING_VERSION = 1.0;
				PRODUCT_BUNDLE_IDENTIFIER = workshop.SportsApp;
				PRODUCT_NAME = "$(TARGET_NAME)";
				SWIFT_EMIT_LOC_STRINGS = YES;
				SWIFT_VERSION = 5.0;
				TARGETED_DEVICE_FAMILY = "1,2";
			};
			name = Debug;
		};
		61947A072A154B84000F822D /* Release */ = {
			isa = XCBuildConfiguration;
			baseConfigurationReference = AF85D1A5B60F6B840B90D519 /* Pods-SportsApp.release.xcconfig */;
			buildSettings = {
				ASSETCATALOG_COMPILER_APPICON_NAME = AppIcon;
				ASSETCATALOG_COMPILER_GLOBAL_ACCENT_COLOR_NAME = AccentColor;
				CODE_SIGN_STYLE = Automatic;
				CURRENT_PROJECT_VERSION = 1;
				GENERATE_INFOPLIST_FILE = YES;
				INFOPLIST_FILE = SportsApp/Info.plist;
				INFOPLIST_KEY_UIApplicationSupportsIndirectInputEvents = YES;
				INFOPLIST_KEY_UILaunchStoryboardName = LaunchScreen;
				INFOPLIST_KEY_UIMainStoryboardFile = Main;
				INFOPLIST_KEY_UISupportedInterfaceOrientations_iPad = "UIInterfaceOrientationPortrait UIInterfaceOrientationPortraitUpsideDown UIInterfaceOrientationLandscapeLeft UIInterfaceOrientationLandscapeRight";
				INFOPLIST_KEY_UISupportedInterfaceOrientations_iPhone = "UIInterfaceOrientationPortrait UIInterfaceOrientationLandscapeLeft UIInterfaceOrientationLandscapeRight";
				LD_RUNPATH_SEARCH_PATHS = (
					"$(inherited)",
					"@executable_path/Frameworks",
				);
				MARKETING_VERSION = 1.0;
				PRODUCT_BUNDLE_IDENTIFIER = workshop.SportsApp;
				PRODUCT_NAME = "$(TARGET_NAME)";
				SWIFT_EMIT_LOC_STRINGS = YES;
				SWIFT_VERSION = 5.0;
				TARGETED_DEVICE_FAMILY = "1,2";
			};
			name = Release;
		};
/* End XCBuildConfiguration section */

/* Begin XCConfigurationList section */
		61140B0F2A1A1FEF00BCC220 /* Build configuration list for PBXNativeTarget "SportsAppTests" */ = {
			isa = XCConfigurationList;
			buildConfigurations = (
				61140B0D2A1A1FEF00BCC220 /* Debug */,
				61140B0E2A1A1FEF00BCC220 /* Release */,
			);
			defaultConfigurationIsVisible = 0;
			defaultConfigurationName = Release;
		};
		619479E92A154B82000F822D /* Build configuration list for PBXProject "SportsApp" */ = {
			isa = XCConfigurationList;
			buildConfigurations = (
				61947A032A154B84000F822D /* Debug */,
				61947A042A154B84000F822D /* Release */,
			);
			defaultConfigurationIsVisible = 0;
			defaultConfigurationName = Release;
		};
		61947A052A154B84000F822D /* Build configuration list for PBXNativeTarget "SportsApp" */ = {
			isa = XCConfigurationList;
			buildConfigurations = (
				61947A062A154B84000F822D /* Debug */,
				61947A072A154B84000F822D /* Release */,
			);
			defaultConfigurationIsVisible = 0;
			defaultConfigurationName = Release;
		};
/* End XCConfigurationList section */

/* Begin XCVersionGroup section */
		619479FA2A154B82000F822D /* SportsApp.xcdatamodeld */ = {
			isa = XCVersionGroup;
			children = (
				619479FB2A154B82000F822D /* SportsApp.xcdatamodel */,
			);
			currentVersion = 619479FB2A154B82000F822D /* SportsApp.xcdatamodel */;
			path = SportsApp.xcdatamodeld;
			sourceTree = "<group>";
			versionGroupType = wrapper.xcdatamodel;
		};
/* End XCVersionGroup section */
	};
	rootObject = 619479E62A154B82000F822D /* Project object */;
}
